
Microsoft Visual Studio Solution File, Format Version 12.00
# Visual Studio 16
Project("{FAE04EC0-301F-11D3-BF4B-00C04F79EFBC}") = "VuforiaScripts", "VuforiaScripts.csproj", "{AD55F254-7A8C-C0C0-4B3B-E428071E18F9}"
EndProject
Project("{FAE04EC0-301F-11D3-BF4B-00C04F79EFBC}") = "VuforiaEditorScripts", "VuforiaEditorScripts.csproj", "{5500F0FE-4E09-4D07-2488-FBC489AF22BA}"
EndProject
Global
	GlobalSection(SolutionConfigurationPlatforms) = preSolution
		Debug|Any CPU = Debug|Any CPU
		Release|Any CPU = Release|Any CPU
	EndGlobalSection
	GlobalSection(ProjectConfigurationPlatforms) = postSolution
		{AD55F254-7A8C-C0C0-4B3B-E428071E18F9}.Debug|Any CPU.ActiveCfg = Debug|Any CPU
		{AD55F254-7A8C-C0C0-4B3B-E428071E18F9}.Debug|Any CPU.Build.0 = Debug|Any CPU
		{AD55F254-7A8C-C0C0-4B3B-E428071E18F9}.Release|Any CPU.ActiveCfg = Release|Any CPU
		{AD55F254-7A8C-C0C0-4B3B-E428071E18F9}.Release|Any CPU.Build.0 = Release|Any CPU
		{5500F0FE-4E09-4D07-2488-FBC489AF22BA}.Debug|Any CPU.ActiveCfg = Debug|Any CPU
		{5500F0FE-4E09-4D07-2488-FBC489AF22BA}.Debug|Any CPU.Build.0 = Debug|Any CPU
		{5500F0FE-4E09-4D07-2488-FBC489AF22BA}.Release|Any CPU.ActiveCfg = Release|Any CPU
		{5500F0FE-4E09-4D07-2488-FBC489AF22BA}.Release|Any CPU.Build.0 = Release|Any CPU
	EndGlobalSection
	GlobalSection(SolutionProperties) = preSolution
		HideSolutionNode = FALSE
	EndGlobalSection
	GlobalSection(MonoDevelopProperties) = preSolution
		StartupItem = Assembly-CSharp.csproj
	EndGlobalSection
EndGlobal
